
Microsoft Visual Studio Solution File, Format Version 12.00
# Visual Studio Version 16
VisualStudioVersion = 16.0.29926.136
MinimumVisualStudioVersion = 10.0.40219.1
Project("{FAE04EC0-301F-11D3-BF4B-00C04F79EFBC}") = "MaerskTask-BusinessRulesEngine", "MaerskTask-BusinessRulesEngine\MaerskTask-BusinessRulesEngine.csproj", "{1D04F28D-B672-4105-8206-7560E1EEB0E4}"
EndProject
Project("{FAE04EC0-301F-11D3-BF4B-00C04F79EFBC}") = "BusinessRuleEngineTest", "BusinessRuleEngineTest\BusinessRuleEngineTest.csproj", "{727AE84E-CC56-4CFB-BA98-16352385A974}"
EndProject
Global
	GlobalSection(SolutionConfigurationPlatforms) = preSolution
		Debug|Any CPU = Debug|Any CPU
		Release|Any CPU = Release|Any CPU
	EndGlobalSection
	GlobalSection(ProjectConfigurationPlatforms) = postSolution
		{1D04F28D-B672-4105-8206-7560E1EEB0E4}.Debug|Any CPU.ActiveCfg = Debug|Any CPU
		{1D04F28D-B672-4105-8206-7560E1EEB0E4}.Debug|Any CPU.Build.0 = Debug|Any CPU
		{1D04F28D-B672-4105-8206-7560E1EEB0E4}.Release|Any CPU.ActiveCfg = Release|Any CPU
		{1D04F28D-B672-4105-8206-7560E1EEB0E4}.Release|Any CPU.Build.0 = Release|Any CPU
		{727AE84E-CC56-4CFB-BA98-16352385A974}.Debug|Any CPU.ActiveCfg = Debug|Any CPU
		{727AE84E-CC56-4CFB-BA98-16352385A974}.Debug|Any CPU.Build.0 = Debug|Any CPU
		{727AE84E-CC56-4CFB-BA98-16352385A974}.Release|Any CPU.ActiveCfg = Release|Any CPU
		{727AE84E-CC56-4CFB-BA98-16352385A974}.Release|Any CPU.Build.0 = Release|Any CPU
	EndGlobalSection
	GlobalSection(SolutionProperties) = preSolution
		HideSolutionNode = FALSE
	EndGlobalSection
	GlobalSection(ExtensibilityGlobals) = postSolution
		SolutionGuid = {A7302FB6-6F62-4D4F-A1CD-CF57EC8CEAFD}
	EndGlobalSection
EndGlobal
